<?xml version="1.0" encoding="utf-8"?>
<Project ToolsVersion="4.0" xmlns="http://schemas.microsoft.com/developer/msbuild/2003">
  <ItemGroup>
    <Filter Include="Исходные файлы">
      <UniqueIdentifier>{4FC737F1-C7A5-4376-A066-2A32D752A2FF}</UniqueIdentifier>
      <Extensions>cpp;c;cc;cxx;c++;def;odl;idl;hpj;bat;asm;asmx</Extensions>
    </Filter>
    <Filter Include="Файлы заголовков">
      <UniqueIdentifier>{93995380-89BD-4b04-88EB-625FBE52EBFB}</UniqueIdentifier>
      <Extensions>h;hh;hpp;hxx;h++;hm;inl;inc;ipp;xsd</Extensions>
    </Filter>
    <Filter Include="Файлы ресурсов">
      <UniqueIdentifier>{67DA6AB6-F800-4c08-8B7A-83BB121AAD01}</UniqueIdentifier>
      <Extensions>rc;ico;cur;bmp;dlg;rc2;rct;bin;rgs;gif;jpg;jpeg;jpe;resx;tiff;tif;png;wav;mfcribbon-ms</Extensions>
    </Filter>
    <Filter Include="Файлы заголовков\Methods">
      <UniqueIdentifier>{48716810-0e17-41ee-b7e0-41081eee4f5c}</UniqueIdentifier>
    </Filter>
    <Filter Include="Файлы заголовков\Methods\NotBlock">
      <UniqueIdentifier>{6eff3fe4-8343-42b5-a5b3-4d0ca4b282b0}</UniqueIdentifier>
    </Filter>
    <Filter Include="Файлы заголовков\Methods\Block">
      <UniqueIdentifier>{3b668ccc-ef68-4a2e-b5b3-dbf2c84abd27}</UniqueIdentifier>
    </Filter>
    <Filter Include="Файлы заголовков\In/Out">
      <UniqueIdentifier>{a0d1e56b-d549-4795-8381-d9979899d797}</UniqueIdentifier>
    </Filter>
  </ItemGroup>
  <ItemGroup>
    <ClInclude Include="JacobiMethod.h">
      <Filter>Файлы заголовков\Methods\NotBlock</Filter>
    </ClInclude>
    <ClInclude Include="NotBlockMethod.h">
      <Filter>Файлы заголовков\Methods\NotBlock</Filter>
    </ClInclude>
    <ClInclude Include="SeidelMethod.h">
      <Filter>Файлы заголовков\Methods\NotBlock</Filter>
    </ClInclude>
    <ClInclude Include="InputSLAEHandler.h">
      <Filter>Файлы заголовков\In/Out</Filter>
    </ClInclude>
    <ClInclude Include="SLAE.h">
      <Filter>Файлы заголовков</Filter>
    </ClInclude>
    <ClInclude Include="Vector.h">
      <Filter>Файлы заголовков</Filter>
    </ClInclude>
    <ClInclude Include="IMethod.h">
      <Filter>Файлы заголовков\Methods</Filter>
    </ClInclude>
    <ClInclude Include="OutputSolution.h">
      <Filter>Файлы заголовков\In/Out</Filter>
    </ClInclude>
    <ClInclude Include="BlockMethod.h">
      <Filter>Файлы заголовков\Methods\Block</Filter>
    </ClInclude>
    <ClInclude Include="BlockRelax.h">
      <Filter>Файлы заголовков\Methods\Block</Filter>
    </ClInclude>
  </ItemGroup>
  <ItemGroup>
    <ClCompile Include="Main.cpp">
      <Filter>Исходные файлы</Filter>
    </ClCompile>
  </ItemGroup>
</Project>